// !$*UTF8*$!
{
	archiveVersion = 1;
	classes = {
	};
	objectVersion = 46;
	objects = {

/* Begin PBXBuildFile section */
		227FE7921C64167D0096F8D7 /* AppDelegate.swift in Sources */ = {isa = PBXBuildFile; fileRef = 227FE7911C64167D0096F8D7 /* AppDelegate.swift */; };
		227FE7941C64167D0096F8D7 /* ViewController.swift in Sources */ = {isa = PBXBuildFile; fileRef = 227FE7931C64167D0096F8D7 /* ViewController.swift */; };
		227FE7971C64167D0096F8D7 /* Main.storyboard in Resources */ = {isa = PBXBuildFile; fileRef = 227FE7951C64167D0096F8D7 /* Main.storyboard */; };
		227FE7991C64167D0096F8D7 /* Assets.xcassets in Resources */ = {isa = PBXBuildFile; fileRef = 227FE7981C64167D0096F8D7 /* Assets.xcassets */; };
		227FE79C1C64167D0096F8D7 /* LaunchScreen.storyboard in Resources */ = {isa = PBXBuildFile; fileRef = 227FE79A1C64167D0096F8D7 /* LaunchScreen.storyboard */; };
		22908F041C643980001C1698 /* SettingsViewController.swift in Sources */ = {isa = PBXBuildFile; fileRef = 22908F031C643980001C1698 /* SettingsViewController.swift */; };
/* End PBXBuildFile section */

/* Begin PBXFileReference section */
		227FE78E1C64167D0096F8D7 /* AccelDraw.app */ = {isa = PBXFileReference; explicitFileType = wrapper.application; includeInIndex = 0; path = AccelDraw.app; sourceTree = BUILT_PRODUCTS_DIR; };
		227FE7911C64167D0096F8D7 /* AppDelegate.swift */ = {isa = PBXFileReference; lastKnownFileType = sourcecode.swift; path = AppDelegate.swift; sourceTree = "<group>"; };
		227FE7931C64167D0096F8D7 /* ViewController.swift */ = {isa = PBXFileReference; lastKnownFileType = sourcecode.swift; path = ViewController.swift; sourceTree = "<group>"; };
		227FE7961C64167D0096F8D7 /* Base */ = {isa = PBXFileReference; lastKnownFileType = file.storyboard; name = Base; path = Base.lproj/Main.storyboard; sourceTree = "<group>"; };
		227FE7981C64167D0096F8D7 /* Assets.xcassets */ = {isa = PBXFileReference; lastKnownFileType = folder.assetcatalog; path = Assets.xcassets; sourceTree = "<group>"; };
		227FE79B1C64167D0096F8D7 /* Base */ = {isa = PBXFileReference; lastKnownFileType = file.storyboard; name = Base; path = Base.lproj/LaunchScreen.storyboard; sourceTree = "<group>"; };
		227FE79D1C64167D0096F8D7 /* Info.plist */ = {isa = PBXFileReference; lastKnownFileType = text.plist.xml; path = Info.plist; sourceTree = "<group>"; };
		22908F031C643980001C1698 /* SettingsViewController.swift */ = {isa = PBXFileReference; fileEncoding = 4; lastKnownFileType = sourcecode.swift; path = SettingsViewController.swift; sourceTree = "<group>"; };
/* End PBXFileReference section */

/* Begin PBXFrameworksBuildPhase section */
		227FE78B1C64167D0096F8D7 /* Frameworks */ = {
			isa = PBXFrameworksBuildPhase;
			buildActionMask = 2147483647;
			files = (
			);
			runOnlyForDeploymentPostprocessing = 0;
		};
/* End PBXFrameworksBuildPhase section */

/* Begin PBXGroup section */
		227FE7851C64167D0096F8D7 = {
			isa = PBXGroup;
			children = (
				227FE7901C64167D0096F8D7 /* AccelDraw */,
				227FE78F1C64167D0096F8D7 /* Products */,
			);
			sourceTree = "<group>";
		};
		227FE78F1C64167D0096F8D7 /* Products */ = {
			isa = PBXGroup;
			children = (
				227FE78E1C64167D0096F8D7 /* AccelDraw.app */,
			);
			name = Products;
			sourceTree = "<group>";
		};
		227FE7901C64167D0096F8D7 /* AccelDraw */ = {
			isa = PBXGroup;
			children = (
				227FE7911C64167D0096F8D7 /* AppDelegate.swift */,
				22908F031C643980001C1698 /* SettingsViewController.swift */,
				227FE7931C64167D0096F8D7 /* ViewController.swift */,
				227FE7951C64167D0096F8D7 /* Main.storyboard */,
				227FE7981C64167D0096F8D7 /* Assets.xcassets */,
				227FE79A1C64167D0096F8D7 /* LaunchScreen.storyboard */,
				227FE79D1C64167D0096F8D7 /* Info.plist */,
			);
			path = AccelDraw;
			sourceTree = "<group>";
		};
/* End PBXGroup section */

/* Begin PBXNativeTarget section */
		227FE78D1C64167D0096F8D7 /* AccelDraw */ = {
			isa = PBXNativeTarget;
			buildConfigurationList = 227FE7A01C64167D0096F8D7 /* Build configuration list for PBXNativeTarget "AccelDraw" */;
			buildPhases = (
				227FE78A1C64167D0096F8D7 /* Sources */,
				227FE78B1C64167D0096F8D7 /* Frameworks */,
				227FE78C1C64167D0096F8D7 /* Resources */,
			);
			buildRules = (
			);
			dependencies = (
			);
			name = AccelDraw;
			productName = AccelDraw;
			productReference = 227FE78E1C64167D0096F8D7 /* AccelDraw.app */;
			productType = "com.apple.product-type.application";
		};
/* End PBXNativeTarget section */

/* Begin PBXProject section */
		227FE7861C64167D0096F8D7 /* Project object */ = {
			isa = PBXProject;
			attributes = {
				LastSwiftUpdateCheck = 0720;
				LastUpgradeCheck = 0720;
				ORGANIZATIONNAME = "Cornell Tech";
				TargetAttributes = {
					227FE78D1C64167D0096F8D7 = {
						CreatedOnToolsVersion = 7.2;
						DevelopmentTeam = 4496ANCXMN;
					};
				};
			};
			buildConfigurationList = 227FE7891C64167D0096F8D7 /* Build configuration list for PBXProject "AccelDraw" */;
			compatibilityVersion = "Xcode 3.2";
			developmentRegion = English;
			hasScannedForEncodings = 0;
			knownRegions = (
				en,
				Base,
			);
			mainGroup = 227FE7851C64167D0096F8D7;
			productRefGroup = 227FE78F1C64167D0096F8D7 /* Products */;
			projectDirPath = "";
			projectRoot = "";
			targets = (
				227FE78D1C64167D0096F8D7 /* AccelDraw */,
			);
		};
/* End PBXProject section */

/* Begin PBXResourcesBuildPhase section */
		227FE78C1C64167D0096F8D7 /* Resources */ = {
			isa = PBXResourcesBuildPhase;
			buildActionMask = 2147483647;
			files = (
				227FE79C1C64167D0096F8D7 /* LaunchScreen.storyboard in Resources */,
				227FE7991C64167D0096F8D7 /* Assets.xcassets in Resources */,
				227FE7971C64167D0096F8D7 /* Main.storyboard in Resources */,
			);
			runOnlyForDeploymentPostprocessing = 0;
		};
/* End PBXResourcesBuildPhase section */

/* Begin PBXSourcesBuildPhase section */
		227FE78A1C64167D0096F8D7 /* Sources */ = {
			isa = PBXSourcesBuildPhase;
			buildActionMask = 2147483647;
			files = (
				227FE7941C64167D0096F8D7 /* ViewController.swift in Sources */,
				227FE7921C64167D0096F8D7 /* AppDelegate.swift in Sources */,
				22908F041C643980001C1698 /* SettingsViewController.swift in Sources */,
			);
			runOnlyForDeploymentPostprocessing = 0;
		};
/* End PBXSourcesBuildPhase section */

/* Begin PBXVariantGroup section */
		227FE7951C64167D0096F8D7 /* Main.storyboard */ = {
			isa = PBXVariantGroup;
			children = (
				227FE7961C64167D0096F8D7 /* Base */,
			);
			name = Main.storyboard;
			sourceTree = "<group>";
		};
		227FE79A1C64167D0096F8D7 /* LaunchScreen.storyboard */ = {
			isa = PBXVariantGroup;
			children = (
				227FE79B1C64167D0096F8D7 /* Base */,
			);
			name = LaunchScreen.storyboard;
			sourceTree = "<group>";
		};
/* End PBXVariantGroup section */

/* Begin XCBuildConfiguration section */
		227FE79E1C64167D0096F8D7 /* Debug */ = {
			isa = XCBuildConfiguration;
			buildSettings = {
				ALWAYS_SEARCH_USER_PATHS = NO;
				CLANG_CXX_LANGUAGE_STANDARD = "gnu++0x";
				CLANG_CXX_LIBRARY = "libc++";
				CLANG_ENABLE_MODULES = YES;
				CLANG_ENABLE_OBJC_ARC = YES;
				CLANG_WARN_BOOL_CONVERSION = YES;
				CLANG_WARN_CONSTANT_CONVERSION = YES;
				CLANG_WARN_DIRECT_OBJC_ISA_USAGE = YES_ERROR;
				CLANG_WARN_EMPTY_BODY = YES;
				CLANG_WARN_ENUM_CONVERSION = YES;
				CLANG_WARN_INT_CONVERSION = YES;
				CLANG_WARN_OBJC_ROOT_CLASS = YES_ERROR;
				CLANG_WARN_UNREACHABLE_CODE = YES;
				CLANG_WARN__DUPLICATE_METHOD_MATCH = YES;
				"CODE_SIGN_IDENTITY[sdk=iphoneos*]" = "iPhone Developer";
				COPY_PHASE_STRIP = NO;
				DEBUG_INFORMATION_FORMAT = dwarf;
				ENABLE_STRICT_OBJC_MSGSEND = YES;
				ENABLE_TESTABILITY = YES;
				GCC_C_LANGUAGE_STANDARD = gnu99;
				GCC_DYNAMIC_NO_PIC = NO;
				GCC_NO_COMMON_BLOCKS = YES;
				GCC_OPTIMIZATION_LEVEL = 0;
				GCC_PREPROCESSOR_DEFINITIONS = (
					"DEBUG=1",
					"$(inherited)",
				);
				GCC_WARN_64_TO_32_BIT_CONVERSION = YES;
				GCC_WARN_ABOUT_RETURN_TYPE = YES_ERROR;
				GCC_WARN_UNDECLARED_SELECTOR = YES;
				GCC_WARN_UNINITIALIZED_AUTOS = YES_AGGRESSIVE;
				GCC_WARN_UNUSED_FUNCTION = YES;
				GCC_WARN_UNUSED_VARIABLE = YES;
				IPHONEOS_DEPLOYMENT_TARGET = 9.2;
				MTL_ENABLE_DEBUG_INFO = YES;
				ONLY_ACTIVE_ARCH = YES;
				SDKROOT = iphoneos;
				SWIFT_OPTIMIZATION_LEVEL = "-Onone";
				TARGETED_DEVICE_FAMILY = "1,2";
			};
			name = Debug;
		};
		227FE79F1C64167D0096F8D7 /* Release */ = {
			isa = XCBuildConfiguration;
			buildSettings = {
				ALWAYS_SEARCH_USER_PATHS = NO;
				CLANG_CXX_LANGUAGE_STANDARD = "gnu++0x";
				CLANG_CXX_LIBRARY = "libc++";
				CLANG_ENABLE_MODULES = YES;
				CLANG_ENABLE_OBJC_ARC = YES;
				CLANG_WARN_BOOL_CONVERSION = YES;
				CLANG_WARN_CONSTANT_CONVERSION = YES;
				CLANG_WARN_DIRECT_OBJC_ISA_USAGE = YES_ERROR;
				CLANG_WARN_EMPTY_BODY = YES;
				CLANG_WARN_ENUM_CONVERSION = YES;
				CLANG_WARN_INT_CONVERSION = YES;
				CLANG_WARN_OBJC_ROOT_CLASS = YES_ERROR;
				CLANG_WARN_UNREACHABLE_CODE = YES;
				CLANG_WARN__DUPLICATE_METHOD_MATCH = YES;
				"CODE_SIGN_IDENTITY[sdk=iphoneos*]" = "iPhone Developer";
				COPY_PHASE_STRIP = NO;
				DEBUG_INFORMATION_FORMAT = "dwarf-with-dsym";
				ENABLE_NS_ASSERTIONS = NO;
				ENABLE_STRICT_OBJC_MSGSEND = YES;
				GCC_C_LANGUAGE_STANDARD = gnu99;
				GCC_NO_COMMON_BLOCKS = YES;
				GCC_WARN_64_TO_32_BIT_CONVERSION = YES;
				GCC_WARN_ABOUT_RETURN_TYPE = YES_ERROR;
				GCC_WARN_UNDECLARED_SELECTOR = YES;
				GCC_WARN_UNINITIALIZED_AUTOS = YES_AGGRESSIVE;
				GCC_WARN_UNUSED_FUNCTION = YES;
				GCC_WARN_UNUSED_VARIABLE = YES;
				IPHONEOS_DEPLOYMENT_TARGET = 9.2;
				MTL_ENABLE_DEBUG_INFO = NO;
				SDKROOT = iphoneos;
				TARGETED_DEVICE_FAMILY = "1,2";
				VALIDATE_PRODUCT = YES;
			};
			name = Release;
		};
		227FE7A11C64167D0096F8D7 /* Debug */ = {
			isa = XCBuildConfiguration;
			buildSettings = {
				ASSETCATALOG_COMPILER_APPICON_NAME = AppIcon;
				CODE_SIGN_IDENTITY = "iPhone Developer";
				"CODE_SIGN_IDENTITY[sdk=iphoneos*]" = "iPhone Developer";
				INFOPLIST_FILE = AccelDraw/Info.plist;
				LD_RUNPATH_SEARCH_PATHS = "$(inherited) @executable_path/Frameworks";
				PRODUCT_BUNDLE_IDENTIFIER = edu.cornell.tech.AccelDraw;
				PRODUCT_NAME = "$(TARGET_NAME)";
				PROVISIONING_PROFILE = "";
			};
			name = Debug;
		};
		227FE7A21C64167D0096F8D7 /* Release */ = {
			isa = XCBuildConfiguration;
			buildSettings = {
				ASSETCATALOG_COMPILER_APPICON_NAME = AppIcon;
				CODE_SIGN_IDENTITY = "iPhone Developer";
				"CODE_SIGN_IDENTITY[sdk=iphoneos*]" = "iPhone Developer";
				INFOPLIST_FILE = AccelDraw/Info.plist;
				LD_RUNPATH_SEARCH_PATHS = "$(inherited) @executable_path/Frameworks";
				PRODUCT_BUNDLE_IDENTIFIER = edu.cornell.tech.AccelDraw;
				PRODUCT_NAME = "$(TARGET_NAME)";
				PROVISIONING_PROFILE = "";
			};
			name = Release;
		};
/* End XCBuildConfiguration section */

/* Begin XCConfigurationList section */
		227FE7891C64167D0096F8D7 /* Build configuration list for PBXProject "AccelDraw" */ = {
			isa = XCConfigurationList;
			buildConfigurations = (
				227FE79E1C64167D0096F8D7 /* Debug */,
				227FE79F1C64167D0096F8D7 /* Release */,
			);
			defaultConfigurationIsVisible = 0;
			defaultConfigurationName = Release;
		};
		227FE7A01C64167D0096F8D7 /* Build configuration list for PBXNativeTarget "AccelDraw" */ = {
			isa = XCConfigurationList;
			buildConfigurations = (
				227FE7A11C64167D0096F8D7 /* Debug */,
				227FE7A21C64167D0096F8D7 /* Release */,
			);
			defaultConfigurationIsVisible = 0;
			defaultConfigurationName = Release;
		};
/* End XCConfigurationList section */
	};
	rootObject = 227FE7861C64167D0096F8D7 /* Project object */;
}
